// !$*UTF8*$!
{
	archiveVersion = 1;
	classes = {
	};
	objectVersion = 46;
	objects = {

/* Begin PBXBuildFile section */
		5C504E9D1F6B0CAB00625257 /* AppDelegate.swift in Sources */ = {isa = PBXBuildFile; fileRef = 5C504E9C1F6B0CAB00625257 /* AppDelegate.swift */; };
		5C504E9F1F6B0CAB00625257 /* ViewController.swift in Sources */ = {isa = PBXBuildFile; fileRef = 5C504E9E1F6B0CAB00625257 /* ViewController.swift */; };
		5C504EA41F6B0CAB00625257 /* Assets.xcassets in Resources */ = {isa = PBXBuildFile; fileRef = 5C504EA31F6B0CAB00625257 /* Assets.xcassets */; };
		5C504EA71F6B0CAB00625257 /* LaunchScreen.storyboard in Resources */ = {isa = PBXBuildFile; fileRef = 5C504EA51F6B0CAB00625257 /* LaunchScreen.storyboard */; };
		5C504ED11F6B0E4C00625257 /* KeyboardViewController.swift in Sources */ = {isa = PBXBuildFile; fileRef = 5C504ED01F6B0E4C00625257 /* KeyboardViewController.swift */; };
		5C504ED51F6B0E4C00625257 /* SnippeyKeyboard.appex in Embed App Extensions */ = {isa = PBXBuildFile; fileRef = 5C504ECE1F6B0E4C00625257 /* SnippeyKeyboard.appex */; settings = {ATTRIBUTES = (RemoveHeadersOnCopy, ); }; };
		5C8FCC111FA66F3000DA157C /* Snippet.swift in Sources */ = {isa = PBXBuildFile; fileRef = 5C8FCC101FA66F3000DA157C /* Snippet.swift */; };
		5C935CD422933FB800825E58 /* Data.swift in Sources */ = {isa = PBXBuildFile; fileRef = 5C935CD322933FB800825E58 /* Data.swift */; };
		5C935CD522933FB800825E58 /* Data.swift in Sources */ = {isa = PBXBuildFile; fileRef = 5C935CD322933FB800825E58 /* Data.swift */; };
		5C935CD722933FD600825E58 /* Constants.swift in Sources */ = {isa = PBXBuildFile; fileRef = 5C935CD622933FD600825E58 /* Constants.swift */; };
		5C935CD822933FD600825E58 /* Constants.swift in Sources */ = {isa = PBXBuildFile; fileRef = 5C935CD622933FD600825E58 /* Constants.swift */; };
		5C935CDA2293401400825E58 /* SnippetTableViewCell.swift in Sources */ = {isa = PBXBuildFile; fileRef = 5C935CD92293401400825E58 /* SnippetTableViewCell.swift */; };
		5C935CDB2293401400825E58 /* SnippetTableViewCell.swift in Sources */ = {isa = PBXBuildFile; fileRef = 5C935CD92293401400825E58 /* SnippetTableViewCell.swift */; };
		5C935CDC229340AC00825E58 /* Snippet.swift in Sources */ = {isa = PBXBuildFile; fileRef = 5C8FCC101FA66F3000DA157C /* Snippet.swift */; };
		5CAF4BED229A920C00CB9823 /* Util.swift in Sources */ = {isa = PBXBuildFile; fileRef = 5CAF4BEC229A920C00CB9823 /* Util.swift */; };
		5CAF4BEE229A926D00CB9823 /* Util.swift in Sources */ = {isa = PBXBuildFile; fileRef = 5CAF4BEC229A920C00CB9823 /* Util.swift */; };
		5CAF4C0D229AD7A200CB9823 /* Localizable.strings in Resources */ = {isa = PBXBuildFile; fileRef = 5CAF4C0B229AD7A200CB9823 /* Localizable.strings */; };
		5CAF4C16229B14D900CB9823 /* SnippeyTests.swift in Sources */ = {isa = PBXBuildFile; fileRef = 5CAF4C15229B14D900CB9823 /* SnippeyTests.swift */; };
		5CAF4C1D229B156E00CB9823 /* Util.swift in Sources */ = {isa = PBXBuildFile; fileRef = 5CAF4BEC229A920C00CB9823 /* Util.swift */; };
		5CD5FD7222A3142D00CF046D /* ReorderController+GestureRecognizer.swift in Sources */ = {isa = PBXBuildFile; fileRef = 5CD5FD6C22A3142D00CF046D /* ReorderController+GestureRecognizer.swift */; };
		5CD5FD7322A3142D00CF046D /* ReorderController+SnapshotView.swift in Sources */ = {isa = PBXBuildFile; fileRef = 5CD5FD6D22A3142D00CF046D /* ReorderController+SnapshotView.swift */; };
		5CD5FD7422A3142D00CF046D /* ReorderController.swift in Sources */ = {isa = PBXBuildFile; fileRef = 5CD5FD6E22A3142D00CF046D /* ReorderController.swift */; };
		5CD5FD7522A3142D00CF046D /* ReorderController+DestinationRow.swift in Sources */ = {isa = PBXBuildFile; fileRef = 5CD5FD6F22A3142D00CF046D /* ReorderController+DestinationRow.swift */; };
		5CD5FD7622A3142D00CF046D /* ReorderController+AutoScroll.swift in Sources */ = {isa = PBXBuildFile; fileRef = 5CD5FD7022A3142D00CF046D /* ReorderController+AutoScroll.swift */; };
		5CD5FD7722A3142D00CF046D /* UITableView+Reorder.swift in Sources */ = {isa = PBXBuildFile; fileRef = 5CD5FD7122A3142D00CF046D /* UITableView+Reorder.swift */; };
		5CD5FD7922A315F500CF046D /* AddSnippetViewController.swift in Sources */ = {isa = PBXBuildFile; fileRef = 5CD5FD7822A315F500CF046D /* AddSnippetViewController.swift */; };
/* End PBXBuildFile section */

/* Begin PBXContainerItemProxy section */
		5C504ED31F6B0E4C00625257 /* PBXContainerItemProxy */ = {
			isa = PBXContainerItemProxy;
			containerPortal = 5C504E911F6B0CAB00625257 /* Project object */;
			proxyType = 1;
			remoteGlobalIDString = 5C504ECD1F6B0E4C00625257;
			remoteInfo = SnippeyKeyboard;
		};
		5CAF4C18229B14D900CB9823 /* PBXContainerItemProxy */ = {
			isa = PBXContainerItemProxy;
			containerPortal = 5C504E911F6B0CAB00625257 /* Project object */;
			proxyType = 1;
			remoteGlobalIDString = 5C504E981F6B0CAB00625257;
			remoteInfo = Snippey;
		};
/* End PBXContainerItemProxy section */

/* Begin PBXCopyFilesBuildPhase section */
		5C504ED91F6B0E4C00625257 /* Embed App Extensions */ = {
			isa = PBXCopyFilesBuildPhase;
			buildActionMask = 2147483647;
			dstPath = "";
			dstSubfolderSpec = 13;
			files = (
				5C504ED51F6B0E4C00625257 /* SnippeyKeyboard.appex in Embed App Extensions */,
			);
			name = "Embed App Extensions";
			runOnlyForDeploymentPostprocessing = 0;
		};
/* End PBXCopyFilesBuildPhase section */

/* Begin PBXFileReference section */
		5C504E991F6B0CAB00625257 /* Snippey.app */ = {isa = PBXFileReference; explicitFileType = wrapper.application; includeInIndex = 0; path = Snippey.app; sourceTree = BUILT_PRODUCTS_DIR; };
		5C504E9C1F6B0CAB00625257 /* AppDelegate.swift */ = {isa = PBXFileReference; lastKnownFileType = sourcecode.swift; path = AppDelegate.swift; sourceTree = "<group>"; };
		5C504E9E1F6B0CAB00625257 /* ViewController.swift */ = {isa = PBXFileReference; lastKnownFileType = sourcecode.swift; path = ViewController.swift; sourceTree = "<group>"; };
		5C504EA31F6B0CAB00625257 /* Assets.xcassets */ = {isa = PBXFileReference; lastKnownFileType = folder.assetcatalog; path = Assets.xcassets; sourceTree = "<group>"; };
		5C504EA61F6B0CAB00625257 /* Base */ = {isa = PBXFileReference; lastKnownFileType = file.storyboard; name = Base; path = Base.lproj/LaunchScreen.storyboard; sourceTree = "<group>"; };
		5C504EA81F6B0CAB00625257 /* Info.plist */ = {isa = PBXFileReference; lastKnownFileType = text.plist.xml; path = Info.plist; sourceTree = "<group>"; };
		5C504ECE1F6B0E4C00625257 /* SnippeyKeyboard.appex */ = {isa = PBXFileReference; explicitFileType = "wrapper.app-extension"; includeInIndex = 0; path = SnippeyKeyboard.appex; sourceTree = BUILT_PRODUCTS_DIR; };
		5C504ED01F6B0E4C00625257 /* KeyboardViewController.swift */ = {isa = PBXFileReference; lastKnownFileType = sourcecode.swift; path = KeyboardViewController.swift; sourceTree = "<group>"; };
		5C504ED21F6B0E4C00625257 /* Info.plist */ = {isa = PBXFileReference; lastKnownFileType = text.plist.xml; path = Info.plist; sourceTree = "<group>"; };
		5C76046B22835C90003F86A3 /* Snippey.entitlements */ = {isa = PBXFileReference; lastKnownFileType = text.plist.entitlements; path = Snippey.entitlements; sourceTree = "<group>"; };
		5C76046C22835CCF003F86A3 /* SnippeyKeyboard.entitlements */ = {isa = PBXFileReference; lastKnownFileType = text.plist.entitlements; path = SnippeyKeyboard.entitlements; sourceTree = "<group>"; };
		5C8FCC101FA66F3000DA157C /* Snippet.swift */ = {isa = PBXFileReference; lastKnownFileType = sourcecode.swift; path = Snippet.swift; sourceTree = "<group>"; };
		5C935CD322933FB800825E58 /* Data.swift */ = {isa = PBXFileReference; lastKnownFileType = sourcecode.swift; path = Data.swift; sourceTree = "<group>"; };
		5C935CD622933FD600825E58 /* Constants.swift */ = {isa = PBXFileReference; lastKnownFileType = sourcecode.swift; path = Constants.swift; sourceTree = "<group>"; };
		5C935CD92293401400825E58 /* SnippetTableViewCell.swift */ = {isa = PBXFileReference; lastKnownFileType = sourcecode.swift; path = SnippetTableViewCell.swift; sourceTree = "<group>"; };
		5CAF4BEC229A920C00CB9823 /* Util.swift */ = {isa = PBXFileReference; lastKnownFileType = sourcecode.swift; path = Util.swift; sourceTree = "<group>"; };
		5CAF4BFE229AD3B700CB9823 /* de */ = {isa = PBXFileReference; lastKnownFileType = text.plist.strings; name = de; path = de.lproj/LaunchScreen.strings; sourceTree = "<group>"; };
		5CAF4C0C229AD7A200CB9823 /* Base */ = {isa = PBXFileReference; lastKnownFileType = text.plist.strings; name = Base; path = Base.lproj/Localizable.strings; sourceTree = "<group>"; };
		5CAF4C0E229AD92100CB9823 /* de */ = {isa = PBXFileReference; lastKnownFileType = text.plist.strings; name = de; path = de.lproj/Localizable.strings; sourceTree = "<group>"; };
		5CAF4C13229B14D900CB9823 /* SnippeyTests.xctest */ = {isa = PBXFileReference; explicitFileType = wrapper.cfbundle; includeInIndex = 0; path = SnippeyTests.xctest; sourceTree = BUILT_PRODUCTS_DIR; };
		5CAF4C15229B14D900CB9823 /* SnippeyTests.swift */ = {isa = PBXFileReference; lastKnownFileType = sourcecode.swift; path = SnippeyTests.swift; sourceTree = "<group>"; };
		5CAF4C17229B14D900CB9823 /* Info.plist */ = {isa = PBXFileReference; lastKnownFileType = text.plist.xml; path = Info.plist; sourceTree = "<group>"; };
		5CD5FD6C22A3142D00CF046D /* ReorderController+GestureRecognizer.swift */ = {isa = PBXFileReference; fileEncoding = 4; lastKnownFileType = sourcecode.swift; name = "ReorderController+GestureRecognizer.swift"; path = "Dependencies/SwiftReorder/Source/ReorderController+GestureRecognizer.swift"; sourceTree = SOURCE_ROOT; };
		5CD5FD6D22A3142D00CF046D /* ReorderController+SnapshotView.swift */ = {isa = PBXFileReference; fileEncoding = 4; lastKnownFileType = sourcecode.swift; name = "ReorderController+SnapshotView.swift"; path = "Dependencies/SwiftReorder/Source/ReorderController+SnapshotView.swift"; sourceTree = SOURCE_ROOT; };
		5CD5FD6E22A3142D00CF046D /* ReorderController.swift */ = {isa = PBXFileReference; fileEncoding = 4; lastKnownFileType = sourcecode.swift; name = ReorderController.swift; path = Dependencies/SwiftReorder/Source/ReorderController.swift; sourceTree = SOURCE_ROOT; };
		5CD5FD6F22A3142D00CF046D /* ReorderController+DestinationRow.swift */ = {isa = PBXFileReference; fileEncoding = 4; lastKnownFileType = sourcecode.swift; name = "ReorderController+DestinationRow.swift"; path = "Dependencies/SwiftReorder/Source/ReorderController+DestinationRow.swift"; sourceTree = SOURCE_ROOT; };
		5CD5FD7022A3142D00CF046D /* ReorderController+AutoScroll.swift */ = {isa = PBXFileReference; fileEncoding = 4; lastKnownFileType = sourcecode.swift; name = "ReorderController+AutoScroll.swift"; path = "Dependencies/SwiftReorder/Source/ReorderController+AutoScroll.swift"; sourceTree = SOURCE_ROOT; };
		5CD5FD7122A3142D00CF046D /* UITableView+Reorder.swift */ = {isa = PBXFileReference; fileEncoding = 4; lastKnownFileType = sourcecode.swift; name = "UITableView+Reorder.swift"; path = "Dependencies/SwiftReorder/Source/UITableView+Reorder.swift"; sourceTree = SOURCE_ROOT; };
		5CD5FD7822A315F500CF046D /* AddSnippetViewController.swift */ = {isa = PBXFileReference; lastKnownFileType = sourcecode.swift; path = AddSnippetViewController.swift; sourceTree = "<group>"; };
/* End PBXFileReference section */

/* Begin PBXFrameworksBuildPhase section */
		5C504E961F6B0CAB00625257 /* Frameworks */ = {
			isa = PBXFrameworksBuildPhase;
			buildActionMask = 2147483647;
			files = (
			);
			runOnlyForDeploymentPostprocessing = 0;
		};
		5C504ECB1F6B0E4C00625257 /* Frameworks */ = {
			isa = PBXFrameworksBuildPhase;
			buildActionMask = 2147483647;
			files = (
			);
			runOnlyForDeploymentPostprocessing = 0;
		};
		5CAF4C10229B14D900CB9823 /* Frameworks */ = {
			isa = PBXFrameworksBuildPhase;
			buildActionMask = 2147483647;
			files = (
			);
			runOnlyForDeploymentPostprocessing = 0;
		};
/* End PBXFrameworksBuildPhase section */

/* Begin PBXGroup section */
		5C504E901F6B0CAB00625257 = {
			isa = PBXGroup;
			children = (
				5CD5FD6B22A3140700CF046D /* Externals */,
				5C935CD222933F5700825E58 /* Common */,
				5C504E9B1F6B0CAB00625257 /* Snippey */,
				5C504ECF1F6B0E4C00625257 /* SnippeyKeyboard */,
				5CAF4C14229B14D900CB9823 /* SnippeyTests */,
				5C504E9A1F6B0CAB00625257 /* Products */,
			);
			sourceTree = "<group>";
		};
		5C504E9A1F6B0CAB00625257 /* Products */ = {
			isa = PBXGroup;
			children = (
				5C504E991F6B0CAB00625257 /* Snippey.app */,
				5C504ECE1F6B0E4C00625257 /* SnippeyKeyboard.appex */,
				5CAF4C13229B14D900CB9823 /* SnippeyTests.xctest */,
			);
			name = Products;
			sourceTree = "<group>";
		};
		5C504E9B1F6B0CAB00625257 /* Snippey */ = {
			isa = PBXGroup;
			children = (
				5C76046B22835C90003F86A3 /* Snippey.entitlements */,
				5CD5FD7822A315F500CF046D /* AddSnippetViewController.swift */,
				5C504E9C1F6B0CAB00625257 /* AppDelegate.swift */,
				5C504E9E1F6B0CAB00625257 /* ViewController.swift */,
				5C504EA31F6B0CAB00625257 /* Assets.xcassets */,
				5C504EA51F6B0CAB00625257 /* LaunchScreen.storyboard */,
				5C504EA81F6B0CAB00625257 /* Info.plist */,
				5CAF4C0B229AD7A200CB9823 /* Localizable.strings */,
			);
			path = Snippey;
			sourceTree = "<group>";
		};
		5C504ECF1F6B0E4C00625257 /* SnippeyKeyboard */ = {
			isa = PBXGroup;
			children = (
				5C76046C22835CCF003F86A3 /* SnippeyKeyboard.entitlements */,
				5C504ED01F6B0E4C00625257 /* KeyboardViewController.swift */,
				5C504ED21F6B0E4C00625257 /* Info.plist */,
			);
			path = SnippeyKeyboard;
			sourceTree = "<group>";
		};
		5C935CD222933F5700825E58 /* Common */ = {
			isa = PBXGroup;
			children = (
				5C935CD622933FD600825E58 /* Constants.swift */,
				5C935CD322933FB800825E58 /* Data.swift */,
				5C8FCC101FA66F3000DA157C /* Snippet.swift */,
				5C935CD92293401400825E58 /* SnippetTableViewCell.swift */,
				5CAF4BEC229A920C00CB9823 /* Util.swift */,
			);
			path = Common;
			sourceTree = "<group>";
		};
		5CAF4C14229B14D900CB9823 /* SnippeyTests */ = {
			isa = PBXGroup;
			children = (
				5CAF4C15229B14D900CB9823 /* SnippeyTests.swift */,
				5CAF4C17229B14D900CB9823 /* Info.plist */,
			);
			path = SnippeyTests;
			sourceTree = "<group>";
		};
		5CD5FD6B22A3140700CF046D /* Externals */ = {
			isa = PBXGroup;
			children = (
				5CD5FD6E22A3142D00CF046D /* ReorderController.swift */,
				5CD5FD7022A3142D00CF046D /* ReorderController+AutoScroll.swift */,
				5CD5FD6F22A3142D00CF046D /* ReorderController+DestinationRow.swift */,
				5CD5FD6C22A3142D00CF046D /* ReorderController+GestureRecognizer.swift */,
				5CD5FD6D22A3142D00CF046D /* ReorderController+SnapshotView.swift */,
				5CD5FD7122A3142D00CF046D /* UITableView+Reorder.swift */,
			);
			path = Externals;
			sourceTree = "<group>";
		};
/* End PBXGroup section */

/* Begin PBXNativeTarget section */
		5C504E981F6B0CAB00625257 /* Snippey */ = {
			isa = PBXNativeTarget;
			buildConfigurationList = 5C504EC11F6B0CAB00625257 /* Build configuration list for PBXNativeTarget "Snippey" */;
			buildPhases = (
				5C504E951F6B0CAB00625257 /* Sources */,
				5C504E961F6B0CAB00625257 /* Frameworks */,
				5C504E971F6B0CAB00625257 /* Resources */,
				5C504ED91F6B0E4C00625257 /* Embed App Extensions */,
			);
			buildRules = (
			);
			dependencies = (
				5C504ED41F6B0E4C00625257 /* PBXTargetDependency */,
			);
			name = Snippey;
			productName = Snippey;
			productReference = 5C504E991F6B0CAB00625257 /* Snippey.app */;
			productType = "com.apple.product-type.application";
		};
		5C504ECD1F6B0E4C00625257 /* SnippeyKeyboard */ = {
			isa = PBXNativeTarget;
			buildConfigurationList = 5C504ED61F6B0E4C00625257 /* Build configuration list for PBXNativeTarget "SnippeyKeyboard" */;
			buildPhases = (
				5C504ECA1F6B0E4C00625257 /* Sources */,
				5C504ECB1F6B0E4C00625257 /* Frameworks */,
				5C504ECC1F6B0E4C00625257 /* Resources */,
			);
			buildRules = (
			);
			dependencies = (
			);
			name = SnippeyKeyboard;
			productName = SnippeyKeyboard;
			productReference = 5C504ECE1F6B0E4C00625257 /* SnippeyKeyboard.appex */;
			productType = "com.apple.product-type.app-extension";
		};
		5CAF4C12229B14D900CB9823 /* SnippeyTests */ = {
			isa = PBXNativeTarget;
			buildConfigurationList = 5CAF4C1A229B14D900CB9823 /* Build configuration list for PBXNativeTarget "SnippeyTests" */;
			buildPhases = (
				5CAF4C0F229B14D900CB9823 /* Sources */,
				5CAF4C10229B14D900CB9823 /* Frameworks */,
				5CAF4C11229B14D900CB9823 /* Resources */,
			);
			buildRules = (
			);
			dependencies = (
				5CAF4C19229B14D900CB9823 /* PBXTargetDependency */,
			);
			name = SnippeyTests;
			productName = SnippeyTests;
			productReference = 5CAF4C13229B14D900CB9823 /* SnippeyTests.xctest */;
			productType = "com.apple.product-type.bundle.unit-test";
		};
/* End PBXNativeTarget section */

/* Begin PBXProject section */
		5C504E911F6B0CAB00625257 /* Project object */ = {
			isa = PBXProject;
			attributes = {
				LastSwiftUpdateCheck = 1020;
				LastUpgradeCheck = 1020;
				ORGANIZATIONNAME = "Hennessen, Sven";
				TargetAttributes = {
					5C504E981F6B0CAB00625257 = {
						CreatedOnToolsVersion = 8.3.3;
						DevelopmentTeam = 3P29RS2297;
						LastSwiftMigration = 1020;
						ProvisioningStyle = Automatic;
						SystemCapabilities = {
							com.apple.ApplicationGroups.iOS = {
								enabled = 1;
							};
						};
					};
					5C504ECD1F6B0E4C00625257 = {
						CreatedOnToolsVersion = 8.3.3;
						DevelopmentTeam = 3P29RS2297;
						LastSwiftMigration = 1020;
						ProvisioningStyle = Automatic;
						SystemCapabilities = {
							com.apple.ApplicationGroups.iOS = {
								enabled = 1;
							};
						};
					};
					5CAF4C12229B14D900CB9823 = {
						CreatedOnToolsVersion = 10.2.1;
						DevelopmentTeam = 3P29RS2297;
						ProvisioningStyle = Automatic;
						TestTargetID = 5C504E981F6B0CAB00625257;
					};
				};
			};
			buildConfigurationList = 5C504E941F6B0CAB00625257 /* Build configuration list for PBXProject "Snippey" */;
			compatibilityVersion = "Xcode 3.2";
			developmentRegion = en;
			hasScannedForEncodings = 0;
			knownRegions = (
				en,
				Base,
				de,
			);
			mainGroup = 5C504E901F6B0CAB00625257;
			productRefGroup = 5C504E9A1F6B0CAB00625257 /* Products */;
			projectDirPath = "";
			projectRoot = "";
			targets = (
				5C504E981F6B0CAB00625257 /* Snippey */,
				5C504ECD1F6B0E4C00625257 /* SnippeyKeyboard */,
				5CAF4C12229B14D900CB9823 /* SnippeyTests */,
			);
		};
/* End PBXProject section */

/* Begin PBXResourcesBuildPhase section */
		5C504E971F6B0CAB00625257 /* Resources */ = {
			isa = PBXResourcesBuildPhase;
			buildActionMask = 2147483647;
			files = (
				5C504EA71F6B0CAB00625257 /* LaunchScreen.storyboard in Resources */,
				5CAF4C0D229AD7A200CB9823 /* Localizable.strings in Resources */,
				5C504EA41F6B0CAB00625257 /* Assets.xcassets in Resources */,
			);
			runOnlyForDeploymentPostprocessing = 0;
		};
		5C504ECC1F6B0E4C00625257 /* Resources */ = {
			isa = PBXResourcesBuildPhase;
			buildActionMask = 2147483647;
			files = (
			);
			runOnlyForDeploymentPostprocessing = 0;
		};
		5CAF4C11229B14D900CB9823 /* Resources */ = {
			isa = PBXResourcesBuildPhase;
			buildActionMask = 2147483647;
			files = (
			);
			runOnlyForDeploymentPostprocessing = 0;
		};
/* End PBXResourcesBuildPhase section */

/* Begin PBXSourcesBuildPhase section */
		5C504E951F6B0CAB00625257 /* Sources */ = {
			isa = PBXSourcesBuildPhase;
			buildActionMask = 2147483647;
			files = (
				5CD5FD7322A3142D00CF046D /* ReorderController+SnapshotView.swift in Sources */,
				5CD5FD7722A3142D00CF046D /* UITableView+Reorder.swift in Sources */,
				5C504E9F1F6B0CAB00625257 /* ViewController.swift in Sources */,
				5CD5FD7222A3142D00CF046D /* ReorderController+GestureRecognizer.swift in Sources */,
				5C935CD422933FB800825E58 /* Data.swift in Sources */,
				5CD5FD7422A3142D00CF046D /* ReorderController.swift in Sources */,
				5CD5FD7522A3142D00CF046D /* ReorderController+DestinationRow.swift in Sources */,
				5CD5FD7922A315F500CF046D /* AddSnippetViewController.swift in Sources */,
				5C504E9D1F6B0CAB00625257 /* AppDelegate.swift in Sources */,
				5C935CDC229340AC00825E58 /* Snippet.swift in Sources */,
				5CAF4BED229A920C00CB9823 /* Util.swift in Sources */,
				5CD5FD7622A3142D00CF046D /* ReorderController+AutoScroll.swift in Sources */,
				5C935CD722933FD600825E58 /* Constants.swift in Sources */,
				5C935CDA2293401400825E58 /* SnippetTableViewCell.swift in Sources */,
			);
			runOnlyForDeploymentPostprocessing = 0;
		};
		5C504ECA1F6B0E4C00625257 /* Sources */ = {
			isa = PBXSourcesBuildPhase;
			buildActionMask = 2147483647;
			files = (
				5C8FCC111FA66F3000DA157C /* Snippet.swift in Sources */,
				5CAF4BEE229A926D00CB9823 /* Util.swift in Sources */,
				5C935CD522933FB800825E58 /* Data.swift in Sources */,
				5C504ED11F6B0E4C00625257 /* KeyboardViewController.swift in Sources */,
				5C935CD822933FD600825E58 /* Constants.swift in Sources */,
				5C935CDB2293401400825E58 /* SnippetTableViewCell.swift in Sources */,
			);
			runOnlyForDeploymentPostprocessing = 0;
		};
		5CAF4C0F229B14D900CB9823 /* Sources */ = {
			isa = PBXSourcesBuildPhase;
			buildActionMask = 2147483647;
			files = (
				5CAF4C16229B14D900CB9823 /* SnippeyTests.swift in Sources */,
				5CAF4C1D229B156E00CB9823 /* Util.swift in Sources */,
			);
			runOnlyForDeploymentPostprocessing = 0;
		};
/* End PBXSourcesBuildPhase section */

/* Begin PBXTargetDependency section */
		5C504ED41F6B0E4C00625257 /* PBXTargetDependency */ = {
			isa = PBXTargetDependency;
			target = 5C504ECD1F6B0E4C00625257 /* SnippeyKeyboard */;
			targetProxy = 5C504ED31F6B0E4C00625257 /* PBXContainerItemProxy */;
		};
		5CAF4C19229B14D900CB9823 /* PBXTargetDependency */ = {
			isa = PBXTargetDependency;
			target = 5C504E981F6B0CAB00625257 /* Snippey */;
			targetProxy = 5CAF4C18229B14D900CB9823 /* PBXContainerItemProxy */;
		};
/* End PBXTargetDependency section */

/* Begin PBXVariantGroup section */
		5C504EA51F6B0CAB00625257 /* LaunchScreen.storyboard */ = {
			isa = PBXVariantGroup;
			children = (
				5C504EA61F6B0CAB00625257 /* Base */,
				5CAF4BFE229AD3B700CB9823 /* de */,
			);
			name = LaunchScreen.storyboard;
			sourceTree = "<group>";
		};
		5CAF4C0B229AD7A200CB9823 /* Localizable.strings */ = {
			isa = PBXVariantGroup;
			children = (
				5CAF4C0C229AD7A200CB9823 /* Base */,
				5CAF4C0E229AD92100CB9823 /* de */,
			);
			name = Localizable.strings;
			sourceTree = "<group>";
		};
/* End PBXVariantGroup section */

/* Begin XCBuildConfiguration section */
		5C504EBF1F6B0CAB00625257 /* Debug */ = {
			isa = XCBuildConfiguration;
			buildSettings = {
				ALWAYS_SEARCH_USER_PATHS = NO;
				CLANG_ANALYZER_LOCALIZABILITY_NONLOCALIZED = YES;
				CLANG_ANALYZER_NONNULL = YES;
				CLANG_ANALYZER_NUMBER_OBJECT_CONVERSION = YES_AGGRESSIVE;
				CLANG_CXX_LANGUAGE_STANDARD = "gnu++0x";
				CLANG_CXX_LIBRARY = "libc++";
				CLANG_ENABLE_MODULES = YES;
				CLANG_ENABLE_OBJC_ARC = YES;
				CLANG_WARN_BLOCK_CAPTURE_AUTORELEASING = YES;
				CLANG_WARN_BOOL_CONVERSION = YES;
				CLANG_WARN_COMMA = YES;
				CLANG_WARN_CONSTANT_CONVERSION = YES;
				CLANG_WARN_DEPRECATED_OBJC_IMPLEMENTATIONS = YES;
				CLANG_WARN_DIRECT_OBJC_ISA_USAGE = YES_ERROR;
				CLANG_WARN_DOCUMENTATION_COMMENTS = YES;
				CLANG_WARN_EMPTY_BODY = YES;
				CLANG_WARN_ENUM_CONVERSION = YES;
				CLANG_WARN_INFINITE_RECURSION = YES;
				CLANG_WARN_INT_CONVERSION = YES;
				CLANG_WARN_NON_LITERAL_NULL_CONVERSION = YES;
				CLANG_WARN_OBJC_IMPLICIT_RETAIN_SELF = YES;
				CLANG_WARN_OBJC_LITERAL_CONVERSION = YES;
				CLANG_WARN_OBJC_ROOT_CLASS = YES_ERROR;
				CLANG_WARN_RANGE_LOOP_ANALYSIS = YES;
				CLANG_WARN_STRICT_PROTOTYPES = YES;
				CLANG_WARN_SUSPICIOUS_MOVE = YES;
				CLANG_WARN_UNREACHABLE_CODE = YES;
				CLANG_WARN__DUPLICATE_METHOD_MATCH = YES;
				"CODE_SIGN_IDENTITY[sdk=iphoneos*]" = "iPhone Developer";
				COPY_PHASE_STRIP = NO;
				DEBUG_INFORMATION_FORMAT = dwarf;
				ENABLE_STRICT_OBJC_MSGSEND = YES;
				ENABLE_TESTABILITY = YES;
				GCC_C_LANGUAGE_STANDARD = gnu99;
				GCC_DYNAMIC_NO_PIC = NO;
				GCC_NO_COMMON_BLOCKS = YES;
				GCC_OPTIMIZATION_LEVEL = 0;
				GCC_PREPROCESSOR_DEFINITIONS = (
					"DEBUG=1",
					"$(inherited)",
				);
				GCC_WARN_64_TO_32_BIT_CONVERSION = YES;
				GCC_WARN_ABOUT_RETURN_TYPE = YES_ERROR;
				GCC_WARN_UNDECLARED_SELECTOR = YES;
				GCC_WARN_UNINITIALIZED_AUTOS = YES_AGGRESSIVE;
				GCC_WARN_UNUSED_FUNCTION = YES;
				GCC_WARN_UNUSED_VARIABLE = YES;
				IPHONEOS_DEPLOYMENT_TARGET = 12.2;
				MTL_ENABLE_DEBUG_INFO = YES;
				ONLY_ACTIVE_ARCH = YES;
				SDKROOT = iphoneos;
				SWIFT_ACTIVE_COMPILATION_CONDITIONS = DEBUG;
				SWIFT_OPTIMIZATION_LEVEL = "-Onone";
				TARGETED_DEVICE_FAMILY = "1,2";
			};
			name = Debug;
		};
		5C504EC01F6B0CAB00625257 /* Release */ = {
			isa = XCBuildConfiguration;
			buildSettings = {
				ALWAYS_SEARCH_USER_PATHS = NO;
				CLANG_ANALYZER_LOCALIZABILITY_NONLOCALIZED = YES;
				CLANG_ANALYZER_NONNULL = YES;
				CLANG_ANALYZER_NUMBER_OBJECT_CONVERSION = YES_AGGRESSIVE;
				CLANG_CXX_LANGUAGE_STANDARD = "gnu++0x";
				CLANG_CXX_LIBRARY = "libc++";
				CLANG_ENABLE_MODULES = YES;
				CLANG_ENABLE_OBJC_ARC = YES;
				CLANG_WARN_BLOCK_CAPTURE_AUTORELEASING = YES;
				CLANG_WARN_BOOL_CONVERSION = YES;
				CLANG_WARN_COMMA = YES;
				CLANG_WARN_CONSTANT_CONVERSION = YES;
				CLANG_WARN_DEPRECATED_OBJC_IMPLEMENTATIONS = YES;
				CLANG_WARN_DIRECT_OBJC_ISA_USAGE = YES_ERROR;
				CLANG_WARN_DOCUMENTATION_COMMENTS = YES;
				CLANG_WARN_EMPTY_BODY = YES;
				CLANG_WARN_ENUM_CONVERSION = YES;
				CLANG_WARN_INFINITE_RECURSION = YES;
				CLANG_WARN_INT_CONVERSION = YES;
				CLANG_WARN_NON_LITERAL_NULL_CONVERSION = YES;
				CLANG_WARN_OBJC_IMPLICIT_RETAIN_SELF = YES;
				CLANG_WARN_OBJC_LITERAL_CONVERSION = YES;
				CLANG_WARN_OBJC_ROOT_CLASS = YES_ERROR;
				CLANG_WARN_RANGE_LOOP_ANALYSIS = YES;
				CLANG_WARN_STRICT_PROTOTYPES = YES;
				CLANG_WARN_SUSPICIOUS_MOVE = YES;
				CLANG_WARN_UNREACHABLE_CODE = YES;
				CLANG_WARN__DUPLICATE_METHOD_MATCH = YES;
				"CODE_SIGN_IDENTITY[sdk=iphoneos*]" = "iPhone Developer";
				COPY_PHASE_STRIP = NO;
				DEBUG_INFORMATION_FORMAT = "dwarf-with-dsym";
				ENABLE_NS_ASSERTIONS = NO;
				ENABLE_STRICT_OBJC_MSGSEND = YES;
				GCC_C_LANGUAGE_STANDARD = gnu99;
				GCC_NO_COMMON_BLOCKS = YES;
				GCC_WARN_64_TO_32_BIT_CONVERSION = YES;
				GCC_WARN_ABOUT_RETURN_TYPE = YES_ERROR;
				GCC_WARN_UNDECLARED_SELECTOR = YES;
				GCC_WARN_UNINITIALIZED_AUTOS = YES_AGGRESSIVE;
				GCC_WARN_UNUSED_FUNCTION = YES;
				GCC_WARN_UNUSED_VARIABLE = YES;
				IPHONEOS_DEPLOYMENT_TARGET = 12.2;
				MTL_ENABLE_DEBUG_INFO = NO;
				SDKROOT = iphoneos;
				SWIFT_OPTIMIZATION_LEVEL = "-Owholemodule";
				TARGETED_DEVICE_FAMILY = "1,2";
				VALIDATE_PRODUCT = YES;
			};
			name = Release;
		};
		5C504EC21F6B0CAB00625257 /* Debug */ = {
			isa = XCBuildConfiguration;
			buildSettings = {
				ALWAYS_EMBED_SWIFT_STANDARD_LIBRARIES = YES;
				ASSETCATALOG_COMPILER_APPICON_NAME = AppIcon;
				CODE_SIGN_ENTITLEMENTS = Snippey/Snippey.entitlements;
				DEVELOPMENT_TEAM = 3P29RS2297;
				INFOPLIST_FILE = Snippey/Info.plist;
				IPHONEOS_DEPLOYMENT_TARGET = 12.2;
				LD_RUNPATH_SEARCH_PATHS = "$(inherited) @executable_path/Frameworks";
				PRODUCT_BUNDLE_IDENTIFIER = de.sventropy.app.Snippey;
				PRODUCT_NAME = "$(TARGET_NAME)";
				SWIFT_VERSION = 5.0;
			};
			name = Debug;
		};
		5C504EC31F6B0CAB00625257 /* Release */ = {
			isa = XCBuildConfiguration;
			buildSettings = {
				ALWAYS_EMBED_SWIFT_STANDARD_LIBRARIES = YES;
				ASSETCATALOG_COMPILER_APPICON_NAME = AppIcon;
				CODE_SIGN_ENTITLEMENTS = Snippey/Snippey.entitlements;
				DEVELOPMENT_TEAM = 3P29RS2297;
				INFOPLIST_FILE = Snippey/Info.plist;
				IPHONEOS_DEPLOYMENT_TARGET = 12.2;
				LD_RUNPATH_SEARCH_PATHS = "$(inherited) @executable_path/Frameworks";
				PRODUCT_BUNDLE_IDENTIFIER = de.sventropy.app.Snippey;
				PRODUCT_NAME = "$(TARGET_NAME)";
				SWIFT_VERSION = 5.0;
			};
			name = Release;
		};
		5C504ED71F6B0E4C00625257 /* Debug */ = {
			isa = XCBuildConfiguration;
			buildSettings = {
				CODE_SIGN_ENTITLEMENTS = SnippeyKeyboard/SnippeyKeyboard.entitlements;
				DEVELOPMENT_TEAM = 3P29RS2297;
				INFOPLIST_FILE = SnippeyKeyboard/Info.plist;
				LD_RUNPATH_SEARCH_PATHS = "$(inherited) @executable_path/Frameworks @executable_path/../../Frameworks";
				PRODUCT_BUNDLE_IDENTIFIER = de.sventropy.app.Snippey.SnippeyKeyboard;
				PRODUCT_NAME = "$(TARGET_NAME)";
				SKIP_INSTALL = YES;
				SWIFT_VERSION = 5.0;
			};
			name = Debug;
		};
		5C504ED81F6B0E4C00625257 /* Release */ = {
			isa = XCBuildConfiguration;
			buildSettings = {
				CODE_SIGN_ENTITLEMENTS = SnippeyKeyboard/SnippeyKeyboard.entitlements;
				DEVELOPMENT_TEAM = 3P29RS2297;
				INFOPLIST_FILE = SnippeyKeyboard/Info.plist;
				LD_RUNPATH_SEARCH_PATHS = "$(inherited) @executable_path/Frameworks @executable_path/../../Frameworks";
				PRODUCT_BUNDLE_IDENTIFIER = de.sventropy.app.Snippey.SnippeyKeyboard;
				PRODUCT_NAME = "$(TARGET_NAME)";
				SKIP_INSTALL = YES;
				SWIFT_VERSION = 5.0;
			};
			name = Release;
		};
		5CAF4C1B229B14D900CB9823 /* Debug */ = {
			isa = XCBuildConfiguration;
			buildSettings = {
				BUNDLE_LOADER = "$(TEST_HOST)";
				CLANG_CXX_LANGUAGE_STANDARD = "gnu++14";
				CLANG_ENABLE_OBJC_WEAK = YES;
				CLANG_WARN_UNGUARDED_AVAILABILITY = YES_AGGRESSIVE;
				CODE_SIGN_IDENTITY = "iPhone Developer";
				CODE_SIGN_STYLE = Automatic;
				DEVELOPMENT_TEAM = 3P29RS2297;
				GCC_C_LANGUAGE_STANDARD = gnu11;
				INFOPLIST_FILE = SnippeyTests/Info.plist;
				LD_RUNPATH_SEARCH_PATHS = "$(inherited) @executable_path/Frameworks @loader_path/Frameworks";
				MTL_ENABLE_DEBUG_INFO = INCLUDE_SOURCE;
				MTL_FAST_MATH = YES;
				PRODUCT_BUNDLE_IDENTIFIER = de.sventropy.SnippeyTests;
				PRODUCT_NAME = "$(TARGET_NAME)";
				SWIFT_VERSION = 5.0;
				TARGETED_DEVICE_FAMILY = "1,2";
				TEST_HOST = "$(BUILT_PRODUCTS_DIR)/Snippey.app/Snippey";
			};
			name = Debug;
		};
		5CAF4C1C229B14D900CB9823 /* Release */ = {
			isa = XCBuildConfiguration;
			buildSettings = {
				BUNDLE_LOADER = "$(TEST_HOST)";
				CLANG_CXX_LANGUAGE_STANDARD = "gnu++14";
				CLANG_ENABLE_OBJC_WEAK = YES;
				CLANG_WARN_UNGUARDED_AVAILABILITY = YES_AGGRESSIVE;
				CODE_SIGN_IDENTITY = "iPhone Developer";
				CODE_SIGN_STYLE = Automatic;
				DEVELOPMENT_TEAM = 3P29RS2297;
				GCC_C_LANGUAGE_STANDARD = gnu11;
				INFOPLIST_FILE = SnippeyTests/Info.plist;
				LD_RUNPATH_SEARCH_PATHS = "$(inherited) @executable_path/Frameworks @loader_path/Frameworks";
				MTL_FAST_MATH = YES;
				PRODUCT_BUNDLE_IDENTIFIER = de.sventropy.SnippeyTests;
				PRODUCT_NAME = "$(TARGET_NAME)";
				SWIFT_VERSION = 5.0;
				TARGETED_DEVICE_FAMILY = "1,2";
				TEST_HOST = "$(BUILT_PRODUCTS_DIR)/Snippey.app/Snippey";
			};
			name = Release;
		};
/* End XCBuildConfiguration section */

/* Begin XCConfigurationList section */
		5C504E941F6B0CAB00625257 /* Build configuration list for PBXProject "Snippey" */ = {
			isa = XCConfigurationList;
			buildConfigurations = (
				5C504EBF1F6B0CAB00625257 /* Debug */,
				5C504EC01F6B0CAB00625257 /* Release */,
			);
			defaultConfigurationIsVisible = 0;
			defaultConfigurationName = Release;
		};
		5C504EC11F6B0CAB00625257 /* Build configuration list for PBXNativeTarget "Snippey" */ = {
			isa = XCConfigurationList;
			buildConfigurations = (
				5C504EC21F6B0CAB00625257 /* Debug */,
				5C504EC31F6B0CAB00625257 /* Release */,
			);
			defaultConfigurationIsVisible = 0;
			defaultConfigurationName = Release;
		};
		5C504ED61F6B0E4C00625257 /* Build configuration list for PBXNativeTarget "SnippeyKeyboard" */ = {
			isa = XCConfigurationList;
			buildConfigurations = (
				5C504ED71F6B0E4C00625257 /* Debug */,
				5C504ED81F6B0E4C00625257 /* Release */,
			);
			defaultConfigurationIsVisible = 0;
			defaultConfigurationName = Release;
		};
		5CAF4C1A229B14D900CB9823 /* Build configuration list for PBXNativeTarget "SnippeyTests" */ = {
			isa = XCConfigurationList;
			buildConfigurations = (
				5CAF4C1B229B14D900CB9823 /* Debug */,
				5CAF4C1C229B14D900CB9823 /* Release */,
			);
			defaultConfigurationIsVisible = 0;
			defaultConfigurationName = Release;
		};
/* End XCConfigurationList section */
	};
	rootObject = 5C504E911F6B0CAB00625257 /* Project object */;
}
